
Microsoft Visual Studio Solution File, Format Version 12.00
# Visual Studio Version 17
VisualStudioVersion = 17.11.35327.3
MinimumVisualStudioVersion = 10.0.40219.1
Project("{FAE04EC0-301F-11D3-BF4B-00C04F79EFBC}") = "Uygulamalar", "Uygulamalar.csproj", "{9556F0FC-EDE8-407C-A639-80606A4B29CD}"
EndProject
Global
	GlobalSection(SolutionConfigurationPlatforms) = preSolution
		Debug|Any CPU = Debug|Any CPU
		Release|Any CPU = Release|Any CPU
	EndGlobalSection
	GlobalSection(ProjectConfigurationPlatforms) = postSolution
		{9556F0FC-EDE8-407C-A639-80606A4B29CD}.Debug|Any CPU.ActiveCfg = Debug|Any CPU
		{9556F0FC-EDE8-407C-A639-80606A4B29CD}.Debug|Any CPU.Build.0 = Debug|Any CPU
		{9556F0FC-EDE8-407C-A639-80606A4B29CD}.Release|Any CPU.ActiveCfg = Release|Any CPU
		{9556F0FC-EDE8-407C-A639-80606A4B29CD}.Release|Any CPU.Build.0 = Release|Any CPU
	EndGlobalSection
	GlobalSection(SolutionProperties) = preSolution
		HideSolutionNode = FALSE
	EndGlobalSection
	GlobalSection(ExtensibilityGlobals) = postSolution
		SolutionGuid = {0512AE9E-7CAD-43F9-B910-D08726A7800D}
	EndGlobalSection
EndGlobal
